
Microsoft Visual Studio Solution File, Format Version 12.00
# Visual Studio Version 16
VisualStudioVersion = 16.0.31129.286
MinimumVisualStudioVersion = 10.0.40219.1
Project("{FAE04EC0-301F-11D3-BF4B-00C04F79EFBC}") = "Practica 8", "Practica 8.csproj", "{3E09A5E4-D725-4533-A6A9-E05475A63C32}"
EndProject
Global
	GlobalSection(SolutionConfigurationPlatforms) = preSolution
		Debug|Any CPU = Debug|Any CPU
		Release|Any CPU = Release|Any CPU
	EndGlobalSection
	GlobalSection(ProjectConfigurationPlatforms) = postSolution
		{3E09A5E4-D725-4533-A6A9-E05475A63C32}.Debug|Any CPU.ActiveCfg = Debug|Any CPU
		{3E09A5E4-D725-4533-A6A9-E05475A63C32}.Debug|Any CPU.Build.0 = Debug|Any CPU
		{3E09A5E4-D725-4533-A6A9-E05475A63C32}.Release|Any CPU.ActiveCfg = Release|Any CPU
		{3E09A5E4-D725-4533-A6A9-E05475A63C32}.Release|Any CPU.Build.0 = Release|Any CPU
	EndGlobalSection
	GlobalSection(SolutionProperties) = preSolution
		HideSolutionNode = FALSE
	EndGlobalSection
	GlobalSection(ExtensibilityGlobals) = postSolution
		SolutionGuid = {25B29C3B-1839-4536-9B8F-B853DE918120}
	EndGlobalSection
EndGlobal
